PODS:
  - Alamofire (5.2.2)
  - Kingfisher (5.14.1):
    - Kingfisher/Core (= 5.14.1)
  - Kingfisher/Core (5.14.1)
  - MagicalRecord (2.3.2):
    - MagicalRecord/Core (= 2.3.2)
  - MagicalRecord/Core (2.3.2)

DEPENDENCIES:
  - Alamofire (~> 5.2)
  - Kingfisher (~> 5.14)
  - MagicalRecord (~> 2.3)

SPEC REPOS:
  trunk:
    - Alamofire
    - Kingfisher
    - MagicalRecord

SPEC CHECKSUMS:
  Alamofire: 814429acc853c6c54ff123fc3d2ef66803823ce0
  Kingfisher: 8050bc6f7f68cbf3908bd04df7ccbac188f6d6d6
  MagicalRecord: 53bed74b4323b930992a725be713e53b37d19755

PODFILE CHECKSUM: 110ff1230bff8bba88be4b4c146b9a06f8c90b92

COCOAPODS: 1.9.1
